
Microsoft Visual Studio Solution File, Format Version 12.00
# Visual Studio Version 17
VisualStudioVersion = 17.11.35303.130
MinimumVisualStudioVersion = 10.0.40219.1
Project("{FAE04EC0-301F-11D3-BF4B-00C04F79EFBC}") = "FolderPanel", "FolderPanel.csproj", "{BB27DE63-3B2C-4E62-BE40-0336817956A6}"
EndProject
Global
	GlobalSection(SolutionConfigurationPlatforms) = preSolution
		Debug|Any CPU = Debug|Any CPU
		Release|Any CPU = Release|Any CPU
	EndGlobalSection
	GlobalSection(ProjectConfigurationPlatforms) = postSolution
		{BB27DE63-3B2C-4E62-BE40-0336817956A6}.Debug|Any CPU.ActiveCfg = Debug|Any CPU
		{BB27DE63-3B2C-4E62-BE40-0336817956A6}.Debug|Any CPU.Build.0 = Debug|Any CPU
		{BB27DE63-3B2C-4E62-BE40-0336817956A6}.Release|Any CPU.ActiveCfg = Release|Any CPU
		{BB27DE63-3B2C-4E62-BE40-0336817956A6}.Release|Any CPU.Build.0 = Release|Any CPU
	EndGlobalSection
	GlobalSection(SolutionProperties) = preSolution
		HideSolutionNode = FALSE
	EndGlobalSection
	GlobalSection(ExtensibilityGlobals) = postSolution
		SolutionGuid = {B54A66DB-3520-46A3-96CE-9DF73F154078}
	EndGlobalSection
EndGlobal
